
Microsoft Visual Studio Solution File, Format Version 12.00
# Visual Studio Version 17
VisualStudioVersion = 17.11.35312.102
MinimumVisualStudioVersion = 10.0.40219.1
Project("{FAE04EC0-301F-11D3-BF4B-00C04F79EFBC}") = "CosmeticLookup", "CosmeticLookup.csproj", "{14DCE746-DD56-4432-A077-1A703F5A9B01}"
EndProject
Global
	GlobalSection(SolutionConfigurationPlatforms) = preSolution
		Debug|Any CPU = Debug|Any CPU
		Release|Any CPU = Release|Any CPU
	EndGlobalSection
	GlobalSection(ProjectConfigurationPlatforms) = postSolution
		{14DCE746-DD56-4432-A077-1A703F5A9B01}.Debug|Any CPU.ActiveCfg = Debug|Any CPU
		{14DCE746-DD56-4432-A077-1A703F5A9B01}.Debug|Any CPU.Build.0 = Debug|Any CPU
		{14DCE746-DD56-4432-A077-1A703F5A9B01}.Release|Any CPU.ActiveCfg = Release|Any CPU
		{14DCE746-DD56-4432-A077-1A703F5A9B01}.Release|Any CPU.Build.0 = Release|Any CPU
	EndGlobalSection
	GlobalSection(SolutionProperties) = preSolution
		HideSolutionNode = FALSE
	EndGlobalSection
	GlobalSection(ExtensibilityGlobals) = postSolution
		SolutionGuid = {C588E0BE-E116-4436-8D28-23E2D00BAB5B}
	EndGlobalSection
EndGlobal
